
Microsoft Visual Studio Solution File, Format Version 12.00
# Visual Studio Version 16
VisualStudioVersion = 16.0.31729.503
MinimumVisualStudioVersion = 10.0.40219.1
Project("{FAE04EC0-301F-11D3-BF4B-00C04F79EFBC}") = "twoNumberSum", "twoNumberSum.csproj", "{CDE3C93A-8281-4B78-9703-A7C8A74DFEDA}"
EndProject
Global
	GlobalSection(SolutionConfigurationPlatforms) = preSolution
		Debug|Any CPU = Debug|Any CPU
		Release|Any CPU = Release|Any CPU
	EndGlobalSection
	GlobalSection(ProjectConfigurationPlatforms) = postSolution
		{CDE3C93A-8281-4B78-9703-A7C8A74DFEDA}.Debug|Any CPU.ActiveCfg = Debug|Any CPU
		{CDE3C93A-8281-4B78-9703-A7C8A74DFEDA}.Debug|Any CPU.Build.0 = Debug|Any CPU
		{CDE3C93A-8281-4B78-9703-A7C8A74DFEDA}.Release|Any CPU.ActiveCfg = Release|Any CPU
		{CDE3C93A-8281-4B78-9703-A7C8A74DFEDA}.Release|Any CPU.Build.0 = Release|Any CPU
	EndGlobalSection
	GlobalSection(SolutionProperties) = preSolution
		HideSolutionNode = FALSE
	EndGlobalSection
	GlobalSection(ExtensibilityGlobals) = postSolution
		SolutionGuid = {A652A5BE-5C72-41F6-B238-6966E4CE9143}
	EndGlobalSection
EndGlobal
